
Microsoft Visual Studio Solution File, Format Version 12.00
# Visual Studio 2015
Project("{FAE04EC0-301F-11D3-BF4B-00C04F79EFBC}") = "WallKickJumpGame.CSharp.Plugins", "WallKickJumpGame.CSharp.Plugins.csproj", "{34BB1094-0591-FF61-DADE-7FD3E49E2D9C}"
EndProject
Project("{FAE04EC0-301F-11D3-BF4B-00C04F79EFBC}") = "WallKickJumpGame.CSharp", "WallKickJumpGame.CSharp.csproj", "{FE470B3E-9E17-9901-9EE0-9A3DD5786286}"
EndProject
Global
	GlobalSection(SolutionConfigurationPlatforms) = preSolution
		Debug|Any CPU = Debug|Any CPU
		Release|Any CPU = Release|Any CPU
	EndGlobalSection
	GlobalSection(ProjectConfigurationPlatforms) = postSolution
		{34BB1094-0591-FF61-DADE-7FD3E49E2D9C}.Debug|Any CPU.ActiveCfg = Debug|Any CPU
		{34BB1094-0591-FF61-DADE-7FD3E49E2D9C}.Debug|Any CPU.Build.0 = Debug|Any CPU
		{34BB1094-0591-FF61-DADE-7FD3E49E2D9C}.Release|Any CPU.ActiveCfg = Release|Any CPU
		{34BB1094-0591-FF61-DADE-7FD3E49E2D9C}.Release|Any CPU.Build.0 = Release|Any CPU
		{FE470B3E-9E17-9901-9EE0-9A3DD5786286}.Debug|Any CPU.ActiveCfg = Debug|Any CPU
		{FE470B3E-9E17-9901-9EE0-9A3DD5786286}.Debug|Any CPU.Build.0 = Debug|Any CPU
		{FE470B3E-9E17-9901-9EE0-9A3DD5786286}.Release|Any CPU.ActiveCfg = Release|Any CPU
		{FE470B3E-9E17-9901-9EE0-9A3DD5786286}.Release|Any CPU.Build.0 = Release|Any CPU
	EndGlobalSection
	GlobalSection(SolutionProperties) = preSolution
		HideSolutionNode = FALSE
	EndGlobalSection
EndGlobal
